
Microsoft Visual Studio Solution File, Format Version 12.00
# Visual Studio Version 16
VisualStudioVersion = 16.0.30225.117
MinimumVisualStudioVersion = 10.0.40219.1
Project("{FAE04EC0-301F-11D3-BF4B-00C04F79EFBC}") = "BookMgr", "BookMgr.csproj", "{F9B18E9A-1D31-4E3C-B436-9194435A08B9}"
EndProject
Global
	GlobalSection(SolutionConfigurationPlatforms) = preSolution
		Debug|Any CPU = Debug|Any CPU
		Release|Any CPU = Release|Any CPU
	EndGlobalSection
	GlobalSection(ProjectConfigurationPlatforms) = postSolution
		{F9B18E9A-1D31-4E3C-B436-9194435A08B9}.Debug|Any CPU.ActiveCfg = Debug|Any CPU
		{F9B18E9A-1D31-4E3C-B436-9194435A08B9}.Debug|Any CPU.Build.0 = Debug|Any CPU
		{F9B18E9A-1D31-4E3C-B436-9194435A08B9}.Release|Any CPU.ActiveCfg = Release|Any CPU
		{F9B18E9A-1D31-4E3C-B436-9194435A08B9}.Release|Any CPU.Build.0 = Release|Any CPU
	EndGlobalSection
	GlobalSection(SolutionProperties) = preSolution
		HideSolutionNode = FALSE
	EndGlobalSection
	GlobalSection(ExtensibilityGlobals) = postSolution
		SolutionGuid = {A584E62C-FB3E-46BC-8AA5-EFECF90179B9}
	EndGlobalSection
EndGlobal
